
Microsoft Visual Studio Solution File, Format Version 12.00
# Visual Studio Version 16
VisualStudioVersion = 16.0.30517.126
MinimumVisualStudioVersion = 10.0.40219.1
Project("{FAE04EC0-301F-11D3-BF4B-00C04F79EFBC}") = "entityFramework", "entityFramework\entityFramework.csproj", "{072BC28E-9343-4AB5-8DCF-EF28AD39AA86}"
EndProject
Global
	GlobalSection(SolutionConfigurationPlatforms) = preSolution
		Debug|Any CPU = Debug|Any CPU
		Release|Any CPU = Release|Any CPU
	EndGlobalSection
	GlobalSection(ProjectConfigurationPlatforms) = postSolution
		{072BC28E-9343-4AB5-8DCF-EF28AD39AA86}.Debug|Any CPU.ActiveCfg = Debug|Any CPU
		{072BC28E-9343-4AB5-8DCF-EF28AD39AA86}.Debug|Any CPU.Build.0 = Debug|Any CPU
		{072BC28E-9343-4AB5-8DCF-EF28AD39AA86}.Release|Any CPU.ActiveCfg = Release|Any CPU
		{072BC28E-9343-4AB5-8DCF-EF28AD39AA86}.Release|Any CPU.Build.0 = Release|Any CPU
	EndGlobalSection
	GlobalSection(SolutionProperties) = preSolution
		HideSolutionNode = FALSE
	EndGlobalSection
	GlobalSection(ExtensibilityGlobals) = postSolution
		SolutionGuid = {E9ECA516-317F-4787-8919-E4A5FEC4B57C}
	EndGlobalSection
EndGlobal
